
Microsoft Visual Studio Solution File, Format Version 12.00
# Visual Studio Version 16
VisualStudioVersion = 16.6.30114.105
MinimumVisualStudioVersion = 10.0.40219.1
Project("{2150E333-8FDC-42A3-9474-1A3956D46DE8}") = "src", "src", "{C87241AD-D36D-4AAD-9E86-0016B3756F72}"
EndProject
Project("{FAE04EC0-301F-11D3-BF4B-00C04F79EFBC}") = "GradeBook", "src\GradeBook\GradeBook.csproj", "{2F318E6F-85E2-49A6-AED0-EE34136BA10C}"
EndProject
Project("{2150E333-8FDC-42A3-9474-1A3956D46DE8}") = "test", "test", "{43C09C2E-216D-4733-9F93-D9CC012C43C1}"
EndProject
Project("{FAE04EC0-301F-11D3-BF4B-00C04F79EFBC}") = "GradeBook.Tests", "test\GradeBook.Tests\GradeBook.Tests.csproj", "{67C10753-ACDE-4906-8A89-A200DF37F754}"
EndProject
Global
	GlobalSection(SolutionConfigurationPlatforms) = preSolution
		Debug|Any CPU = Debug|Any CPU
		Debug|x64 = Debug|x64
		Debug|x86 = Debug|x86
		Release|Any CPU = Release|Any CPU
		Release|x64 = Release|x64
		Release|x86 = Release|x86
	EndGlobalSection
	GlobalSection(SolutionProperties) = preSolution
		HideSolutionNode = FALSE
	EndGlobalSection
	GlobalSection(ProjectConfigurationPlatforms) = postSolution
		{2F318E6F-85E2-49A6-AED0-EE34136BA10C}.Debug|Any CPU.ActiveCfg = Debug|Any CPU
		{2F318E6F-85E2-49A6-AED0-EE34136BA10C}.Debug|Any CPU.Build.0 = Debug|Any CPU
		{2F318E6F-85E2-49A6-AED0-EE34136BA10C}.Debug|x64.ActiveCfg = Debug|Any CPU
		{2F318E6F-85E2-49A6-AED0-EE34136BA10C}.Debug|x64.Build.0 = Debug|Any CPU
		{2F318E6F-85E2-49A6-AED0-EE34136BA10C}.Debug|x86.ActiveCfg = Debug|Any CPU
		{2F318E6F-85E2-49A6-AED0-EE34136BA10C}.Debug|x86.Build.0 = Debug|Any CPU
		{2F318E6F-85E2-49A6-AED0-EE34136BA10C}.Release|Any CPU.ActiveCfg = Release|Any CPU
		{2F318E6F-85E2-49A6-AED0-EE34136BA10C}.Release|Any CPU.Build.0 = Release|Any CPU
		{2F318E6F-85E2-49A6-AED0-EE34136BA10C}.Release|x64.ActiveCfg = Release|Any CPU
		{2F318E6F-85E2-49A6-AED0-EE34136BA10C}.Release|x64.Build.0 = Release|Any CPU
		{2F318E6F-85E2-49A6-AED0-EE34136BA10C}.Release|x86.ActiveCfg = Release|Any CPU
		{2F318E6F-85E2-49A6-AED0-EE34136BA10C}.Release|x86.Build.0 = Release|Any CPU
		{67C10753-ACDE-4906-8A89-A200DF37F754}.Debug|Any CPU.ActiveCfg = Debug|Any CPU
		{67C10753-ACDE-4906-8A89-A200DF37F754}.Debug|Any CPU.Build.0 = Debug|Any CPU
		{67C10753-ACDE-4906-8A89-A200DF37F754}.Debug|x64.ActiveCfg = Debug|Any CPU
		{67C10753-ACDE-4906-8A89-A200DF37F754}.Debug|x64.Build.0 = Debug|Any CPU
		{67C10753-ACDE-4906-8A89-A200DF37F754}.Debug|x86.ActiveCfg = Debug|Any CPU
		{67C10753-ACDE-4906-8A89-A200DF37F754}.Debug|x86.Build.0 = Debug|Any CPU
		{67C10753-ACDE-4906-8A89-A200DF37F754}.Release|Any CPU.ActiveCfg = Release|Any CPU
		{67C10753-ACDE-4906-8A89-A200DF37F754}.Release|Any CPU.Build.0 = Release|Any CPU
		{67C10753-ACDE-4906-8A89-A200DF37F754}.Release|x64.ActiveCfg = Release|Any CPU
		{67C10753-ACDE-4906-8A89-A200DF37F754}.Release|x64.Build.0 = Release|Any CPU
		{67C10753-ACDE-4906-8A89-A200DF37F754}.Release|x86.ActiveCfg = Release|Any CPU
		{67C10753-ACDE-4906-8A89-A200DF37F754}.Release|x86.Build.0 = Release|Any CPU
	EndGlobalSection
	GlobalSection(NestedProjects) = preSolution
		{2F318E6F-85E2-49A6-AED0-EE34136BA10C} = {C87241AD-D36D-4AAD-9E86-0016B3756F72}
		{67C10753-ACDE-4906-8A89-A200DF37F754} = {43C09C2E-216D-4733-9F93-D9CC012C43C1}
	EndGlobalSection
EndGlobal
